
Microsoft Visual Studio Solution File, Format Version 12.00
# Visual Studio Version 17
VisualStudioVersion = 17.3.32922.545
MinimumVisualStudioVersion = 10.0.40219.1
Project("{FAE04EC0-301F-11D3-BF4B-00C04F79EFBC}") = "la-mia-pizzeria-model", "la-mia-pizzeria-model.csproj", "{45C9BA3B-F260-4BE8-B540-0EC96AF3FF57}"
EndProject
Global
	GlobalSection(SolutionConfigurationPlatforms) = preSolution
		Debug|Any CPU = Debug|Any CPU
		Release|Any CPU = Release|Any CPU
	EndGlobalSection
	GlobalSection(ProjectConfigurationPlatforms) = postSolution
		{45C9BA3B-F260-4BE8-B540-0EC96AF3FF57}.Debug|Any CPU.ActiveCfg = Debug|Any CPU
		{45C9BA3B-F260-4BE8-B540-0EC96AF3FF57}.Debug|Any CPU.Build.0 = Debug|Any CPU
		{45C9BA3B-F260-4BE8-B540-0EC96AF3FF57}.Release|Any CPU.ActiveCfg = Release|Any CPU
		{45C9BA3B-F260-4BE8-B540-0EC96AF3FF57}.Release|Any CPU.Build.0 = Release|Any CPU
	EndGlobalSection
	GlobalSection(SolutionProperties) = preSolution
		HideSolutionNode = FALSE
	EndGlobalSection
	GlobalSection(ExtensibilityGlobals) = postSolution
		SolutionGuid = {DECD254D-67D2-4A32-ACAC-61C9D831468B}
	EndGlobalSection
EndGlobal
